// !$*UTF8*$!
{
	archiveVersion = 1;
	classes = {
	};
	objectVersion = 50;
	objects = {

/* Begin PBXBuildFile section */
		7C0677FD22E8AC58002C9D27 /* CommonUseDefine.swift in Sources */ = {isa = PBXBuildFile; fileRef = 7C0677FC22E8AC58002C9D27 /* CommonUseDefine.swift */; };
		7C12BFC522ECA13500AFD0A3 /* ConstantDefine.swift in Sources */ = {isa = PBXBuildFile; fileRef = 7C12BFC422ECA13500AFD0A3 /* ConstantDefine.swift */; };
		7C12BFC822ECA29000AFD0A3 /* HomeViewController.swift in Sources */ = {isa = PBXBuildFile; fileRef = 7C12BFC722ECA29000AFD0A3 /* HomeViewController.swift */; };
		7C12BFCA22ECA29A00AFD0A3 /* ShopViewController.swift in Sources */ = {isa = PBXBuildFile; fileRef = 7C12BFC922ECA29A00AFD0A3 /* ShopViewController.swift */; };
		7C12BFCC22ECA2BF00AFD0A3 /* StoreViewController.swift in Sources */ = {isa = PBXBuildFile; fileRef = 7C12BFCB22ECA2BF00AFD0A3 /* StoreViewController.swift */; };
		7C12BFCE22ECA2D600AFD0A3 /* MineViewController.swift in Sources */ = {isa = PBXBuildFile; fileRef = 7C12BFCD22ECA2D600AFD0A3 /* MineViewController.swift */; };
		7C12BFD522ED3ADF00AFD0A3 /* BaseViewController.swift in Sources */ = {isa = PBXBuildFile; fileRef = 7C12BFD422ED3ADF00AFD0A3 /* BaseViewController.swift */; };
		7C12BFD822ED421B00AFD0A3 /* LoginViewController.swift in Sources */ = {isa = PBXBuildFile; fileRef = 7C12BFD722ED421B00AFD0A3 /* LoginViewController.swift */; };
		7C12BFDA22ED95D600AFD0A3 /* LIButton.swift in Sources */ = {isa = PBXBuildFile; fileRef = 7C12BFD922ED95D600AFD0A3 /* LIButton.swift */; };
		7C12BFDE22EDBAA700AFD0A3 /* HotComboView.swift in Sources */ = {isa = PBXBuildFile; fileRef = 7C12BFDD22EDBAA700AFD0A3 /* HotComboView.swift */; };
		7C12BFE022F12E6400AFD0A3 /* UserModel.swift in Sources */ = {isa = PBXBuildFile; fileRef = 7C12BFDF22F12E6400AFD0A3 /* UserModel.swift */; };
		7C12BFE222F1474400AFD0A3 /* ObservableExtention.swift in Sources */ = {isa = PBXBuildFile; fileRef = 7C12BFE122F1474400AFD0A3 /* ObservableExtention.swift */; };
		7C12BFE422F32FB100AFD0A3 /* StringExtention.swift in Sources */ = {isa = PBXBuildFile; fileRef = 7C12BFE322F32FB100AFD0A3 /* StringExtention.swift */; };
		7C12BFE622F48BD500AFD0A3 /* DataExtention.swift in Sources */ = {isa = PBXBuildFile; fileRef = 7C12BFE522F48BD500AFD0A3 /* DataExtention.swift */; };
		7C12BFF022F561D200AFD0A3 /* RequestHitPlugin.swift in Sources */ = {isa = PBXBuildFile; fileRef = 7C12BFEF22F561D200AFD0A3 /* RequestHitPlugin.swift */; };
		7C12BFF222F56E2100AFD0A3 /* RequestCodeHnadlePlugin.swift in Sources */ = {isa = PBXBuildFile; fileRef = 7C12BFF122F56E2100AFD0A3 /* RequestCodeHnadlePlugin.swift */; };
		7C12BFF422F57B5A00AFD0A3 /* RequestPrintResultPlugins.swift in Sources */ = {isa = PBXBuildFile; fileRef = 7C12BFF322F57B5A00AFD0A3 /* RequestPrintResultPlugins.swift */; };
		7CD3C18D22EC9508007640AB /* UILabelExtension.swift in Sources */ = {isa = PBXBuildFile; fileRef = 7CD3C18C22EC9508007640AB /* UILabelExtension.swift */; };
		7F16773B22E693E500245E9D /* AppDelegate.swift in Sources */ = {isa = PBXBuildFile; fileRef = 7F16773A22E693E500245E9D /* AppDelegate.swift */; };
		7F16773D22E693E500245E9D /* ViewController.swift in Sources */ = {isa = PBXBuildFile; fileRef = 7F16773C22E693E500245E9D /* ViewController.swift */; };
		7F16774022E693E500245E9D /* Main.storyboard in Resources */ = {isa = PBXBuildFile; fileRef = 7F16773E22E693E500245E9D /* Main.storyboard */; };
		7F16774222E693E700245E9D /* Assets.xcassets in Resources */ = {isa = PBXBuildFile; fileRef = 7F16774122E693E700245E9D /* Assets.xcassets */; };
		7F16776622EE7E8300245E9D /* QGTabbarController.swift in Sources */ = {isa = PBXBuildFile; fileRef = 7F16776522EE7E8300245E9D /* QGTabbarController.swift */; };
		7F6DA00122F294EA003D5386 /* UIviewExtension.swift in Sources */ = {isa = PBXBuildFile; fileRef = 7F6DA00022F294EA003D5386 /* UIviewExtension.swift */; };
		7F6DA00322F29564003D5386 /* DateExtension.swift in Sources */ = {isa = PBXBuildFile; fileRef = 7F6DA00222F29564003D5386 /* DateExtension.swift */; };
		7F6DA00922F2C149003D5386 /* RequestBaseModel.swift in Sources */ = {isa = PBXBuildFile; fileRef = 7F6DA00822F2C149003D5386 /* RequestBaseModel.swift */; };
		7F6DA00B22F2C166003D5386 /* ResponseBaseModel.swift in Sources */ = {isa = PBXBuildFile; fileRef = 7F6DA00A22F2C166003D5386 /* ResponseBaseModel.swift */; };
		7F6DA01422F42FBD003D5386 /* RequestManager.swift in Sources */ = {isa = PBXBuildFile; fileRef = 7F6DA01322F42FBD003D5386 /* RequestManager.swift */; };
		7F6DA01622F80326003D5386 /* DictionnaryExtention.swift in Sources */ = {isa = PBXBuildFile; fileRef = 7F6DA01522F80326003D5386 /* DictionnaryExtention.swift */; };
		7F6DA01822F80F13003D5386 /* HxsModels.swift in Sources */ = {isa = PBXBuildFile; fileRef = 7F6DA01722F80F13003D5386 /* HxsModels.swift */; };
		7F6DA01A22F818A3003D5386 /* MapableExtention.swift in Sources */ = {isa = PBXBuildFile; fileRef = 7F6DA01922F818A3003D5386 /* MapableExtention.swift */; };
		7F6DA01C22FA60D7003D5386 /* CommonUseNetWork.swift in Sources */ = {isa = PBXBuildFile; fileRef = 7F6DA01B22FA60D7003D5386 /* CommonUseNetWork.swift */; };
		7F6DA01E22FAA012003D5386 /* SearchTapView.swift in Sources */ = {isa = PBXBuildFile; fileRef = 7F6DA01D22FAA012003D5386 /* SearchTapView.swift */; };
		7F6DA02022FAC042003D5386 /* ShopCollectionViewCell.swift in Sources */ = {isa = PBXBuildFile; fileRef = 7F6DA01F22FAC042003D5386 /* ShopCollectionViewCell.swift */; };
		7F6DA02422FAC5A5003D5386 /* UICollectionViewExtention.swift in Sources */ = {isa = PBXBuildFile; fileRef = 7F6DA02322FAC5A5003D5386 /* UICollectionViewExtention.swift */; };
		7F6DA02622FC0D09003D5386 /* FilterHandelView.swift in Sources */ = {isa = PBXBuildFile; fileRef = 7F6DA02522FC0D09003D5386 /* FilterHandelView.swift */; };
		7F6DA02922FD0CB0003D5386 /* ShopSearchViewController.swift in Sources */ = {isa = PBXBuildFile; fileRef = 7F6DA02822FD0CB0003D5386 /* ShopSearchViewController.swift */; };
		7F6DA02B22FD0CC5003D5386 /* ProSearchViewController.swift in Sources */ = {isa = PBXBuildFile; fileRef = 7F6DA02A22FD0CC5003D5386 /* ProSearchViewController.swift */; };
		7F6DA02E22FD103C003D5386 /* QGNavigationController.swift in Sources */ = {isa = PBXBuildFile; fileRef = 7F6DA02D22FD103C003D5386 /* QGNavigationController.swift */; };
		7F6DA03122FD5116003D5386 /* CityChooseController.swift in Sources */ = {isa = PBXBuildFile; fileRef = 7F6DA03022FD5116003D5386 /* CityChooseController.swift */; };
		7F6DA034230150A0003D5386 /* ProDetailController.swift in Sources */ = {isa = PBXBuildFile; fileRef = 7F6DA033230150A0003D5386 /* ProDetailController.swift */; };
		7F6DA036230159B8003D5386 /* ProDetailModel.swift in Sources */ = {isa = PBXBuildFile; fileRef = 7F6DA035230159B8003D5386 /* ProDetailModel.swift */; };
		7F6DA0382302AC76003D5386 /* LocationManager.swift in Sources */ = {isa = PBXBuildFile; fileRef = 7F6DA0372302AC76003D5386 /* LocationManager.swift */; };
		7FEFEDF322EE8D7D006FFC2A /* ProListTableViewCell.swift in Sources */ = {isa = PBXBuildFile; fileRef = 7FEFEDF222EE8D7D006FFC2A /* ProListTableViewCell.swift */; };
		7FEFEDF522EE8DC6006FFC2A /* ProCollectionViewCell.swift in Sources */ = {isa = PBXBuildFile; fileRef = 7FEFEDF422EE8DC6006FFC2A /* ProCollectionViewCell.swift */; };
		7FEFEDF722EEBF03006FFC2A /* ThemeTitleView.swift in Sources */ = {isa = PBXBuildFile; fileRef = 7FEFEDF622EEBF03006FFC2A /* ThemeTitleView.swift */; };
		7FEFEDF922EED2CF006FFC2A /* CyclePlayView.swift in Sources */ = {isa = PBXBuildFile; fileRef = 7FEFEDF822EED2CF006FFC2A /* CyclePlayView.swift */; };
		7FEFEDFC22F01EA7006FFC2A /* NetWorkAPI.swift in Sources */ = {isa = PBXBuildFile; fileRef = 7FEFEDFB22F01EA7006FFC2A /* NetWorkAPI.swift */; };
		AD4940F9C24DBD898D6B24C5 /* libPods-HuiXiangShou.a in Frameworks */ = {isa = PBXBuildFile; fileRef = 8C2288061EA3238A02DC149A /* libPods-HuiXiangShou.a */; };
/* End PBXBuildFile section */

/* Begin PBXFileReference section */
		073E330317639642D3CCAFC2 /* Pods-HuiXiangShou.release.xcconfig */ = {isa = PBXFileReference; includeInIndex = 1; lastKnownFileType = text.xcconfig; name = "Pods-HuiXiangShou.release.xcconfig"; path = "Target Support Files/Pods-HuiXiangShou/Pods-HuiXiangShou.release.xcconfig"; sourceTree = "<group>"; };
		7C0677FC22E8AC58002C9D27 /* CommonUseDefine.swift */ = {isa = PBXFileReference; lastKnownFileType = sourcecode.swift; path = CommonUseDefine.swift; sourceTree = "<group>"; };
		7C12BFC422ECA13500AFD0A3 /* ConstantDefine.swift */ = {isa = PBXFileReference; lastKnownFileType = sourcecode.swift; path = ConstantDefine.swift; sourceTree = "<group>"; };
		7C12BFC722ECA29000AFD0A3 /* HomeViewController.swift */ = {isa = PBXFileReference; lastKnownFileType = sourcecode.swift; path = HomeViewController.swift; sourceTree = "<group>"; };
		7C12BFC922ECA29A00AFD0A3 /* ShopViewController.swift */ = {isa = PBXFileReference; lastKnownFileType = sourcecode.swift; path = ShopViewController.swift; sourceTree = "<group>"; };
		7C12BFCB22ECA2BF00AFD0A3 /* StoreViewController.swift */ = {isa = PBXFileReference; lastKnownFileType = sourcecode.swift; path = StoreViewController.swift; sourceTree = "<group>"; };
		7C12BFCD22ECA2D600AFD0A3 /* MineViewController.swift */ = {isa = PBXFileReference; lastKnownFileType = sourcecode.swift; path = MineViewController.swift; sourceTree = "<group>"; };
		7C12BFD422ED3ADF00AFD0A3 /* BaseViewController.swift */ = {isa = PBXFileReference; lastKnownFileType = sourcecode.swift; path = BaseViewController.swift; sourceTree = "<group>"; };
		7C12BFD722ED421B00AFD0A3 /* LoginViewController.swift */ = {isa = PBXFileReference; lastKnownFileType = sourcecode.swift; path = LoginViewController.swift; sourceTree = "<group>"; };
		7C12BFD922ED95D600AFD0A3 /* LIButton.swift */ = {isa = PBXFileReference; lastKnownFileType = sourcecode.swift; path = LIButton.swift; sourceTree = "<group>"; };
		7C12BFDD22EDBAA700AFD0A3 /* HotComboView.swift */ = {isa = PBXFileReference; lastKnownFileType = sourcecode.swift; path = HotComboView.swift; sourceTree = "<group>"; };
		7C12BFDF22F12E6400AFD0A3 /* UserModel.swift */ = {isa = PBXFileReference; lastKnownFileType = sourcecode.swift; path = UserModel.swift; sourceTree = "<group>"; };
		7C12BFE122F1474400AFD0A3 /* ObservableExtention.swift */ = {isa = PBXFileReference; lastKnownFileType = sourcecode.swift; path = ObservableExtention.swift; sourceTree = "<group>"; };
		7C12BFE322F32FB100AFD0A3 /* StringExtention.swift */ = {isa = PBXFileReference; lastKnownFileType = sourcecode.swift; path = StringExtention.swift; sourceTree = "<group>"; };
		7C12BFE522F48BD500AFD0A3 /* DataExtention.swift */ = {isa = PBXFileReference; lastKnownFileType = sourcecode.swift; path = DataExtention.swift; sourceTree = "<group>"; };
		7C12BFEB22F540E500AFD0A3 /* HuiXiangShou-Bridging-Header.h */ = {isa = PBXFileReference; fileEncoding = 4; lastKnownFileType = sourcecode.c.h; path = "HuiXiangShou-Bridging-Header.h"; sourceTree = "<group>"; };
		7C12BFEF22F561D200AFD0A3 /* RequestHitPlugin.swift */ = {isa = PBXFileReference; lastKnownFileType = sourcecode.swift; path = RequestHitPlugin.swift; sourceTree = "<group>"; };
		7C12BFF122F56E2100AFD0A3 /* RequestCodeHnadlePlugin.swift */ = {isa = PBXFileReference; lastKnownFileType = sourcecode.swift; path = RequestCodeHnadlePlugin.swift; sourceTree = "<group>"; };
		7C12BFF322F57B5A00AFD0A3 /* RequestPrintResultPlugins.swift */ = {isa = PBXFileReference; lastKnownFileType = sourcecode.swift; path = RequestPrintResultPlugins.swift; sourceTree = "<group>"; };
		7CD3C18C22EC9508007640AB /* UILabelExtension.swift */ = {isa = PBXFileReference; lastKnownFileType = sourcecode.swift; path = UILabelExtension.swift; sourceTree = "<group>"; };
		7F16773722E693E500245E9D /* HuiXiangShou.app */ = {isa = PBXFileReference; explicitFileType = wrapper.application; includeInIndex = 0; path = HuiXiangShou.app; sourceTree = BUILT_PRODUCTS_DIR; };
		7F16773A22E693E500245E9D /* AppDelegate.swift */ = {isa = PBXFileReference; lastKnownFileType = sourcecode.swift; path = AppDelegate.swift; sourceTree = "<group>"; };
		7F16773C22E693E500245E9D /* ViewController.swift */ = {isa = PBXFileReference; lastKnownFileType = sourcecode.swift; path = ViewController.swift; sourceTree = "<group>"; };
		7F16773F22E693E500245E9D /* Base */ = {isa = PBXFileReference; lastKnownFileType = file.storyboard; name = Base; path = Base.lproj/Main.storyboard; sourceTree = "<group>"; };
		7F16774122E693E700245E9D /* Assets.xcassets */ = {isa = PBXFileReference; lastKnownFileType = folder.assetcatalog; path = Assets.xcassets; sourceTree = "<group>"; };
		7F16774622E693E700245E9D /* Info.plist */ = {isa = PBXFileReference; lastKnownFileType = text.plist.xml; path = Info.plist; sourceTree = "<group>"; };
		7F16776522EE7E8300245E9D /* QGTabbarController.swift */ = {isa = PBXFileReference; fileEncoding = 4; lastKnownFileType = sourcecode.swift; path = QGTabbarController.swift; sourceTree = "<group>"; };
		7F6DA00022F294EA003D5386 /* UIviewExtension.swift */ = {isa = PBXFileReference; lastKnownFileType = sourcecode.swift; path = UIviewExtension.swift; sourceTree = "<group>"; };
		7F6DA00222F29564003D5386 /* DateExtension.swift */ = {isa = PBXFileReference; lastKnownFileType = sourcecode.swift; path = DateExtension.swift; sourceTree = "<group>"; };
		7F6DA00822F2C149003D5386 /* RequestBaseModel.swift */ = {isa = PBXFileReference; lastKnownFileType = sourcecode.swift; path = RequestBaseModel.swift; sourceTree = "<group>"; };
		7F6DA00A22F2C166003D5386 /* ResponseBaseModel.swift */ = {isa = PBXFileReference; lastKnownFileType = sourcecode.swift; path = ResponseBaseModel.swift; sourceTree = "<group>"; };
		7F6DA01322F42FBD003D5386 /* RequestManager.swift */ = {isa = PBXFileReference; lastKnownFileType = sourcecode.swift; path = RequestManager.swift; sourceTree = "<group>"; };
		7F6DA01522F80326003D5386 /* DictionnaryExtention.swift */ = {isa = PBXFileReference; lastKnownFileType = sourcecode.swift; path = DictionnaryExtention.swift; sourceTree = "<group>"; };
		7F6DA01722F80F13003D5386 /* HxsModels.swift */ = {isa = PBXFileReference; lastKnownFileType = sourcecode.swift; name = HxsModels.swift; path = HuiXiangShou/CommonUseDefine/HxsModels.swift; sourceTree = SOURCE_ROOT; };
		7F6DA01922F818A3003D5386 /* MapableExtention.swift */ = {isa = PBXFileReference; lastKnownFileType = sourcecode.swift; path = MapableExtention.swift; sourceTree = "<group>"; };
		7F6DA01B22FA60D7003D5386 /* CommonUseNetWork.swift */ = {isa = PBXFileReference; lastKnownFileType = sourcecode.swift; path = CommonUseNetWork.swift; sourceTree = "<group>"; };
		7F6DA01D22FAA012003D5386 /* SearchTapView.swift */ = {isa = PBXFileReference; lastKnownFileType = sourcecode.swift; path = SearchTapView.swift; sourceTree = "<group>"; };
		7F6DA01F22FAC042003D5386 /* ShopCollectionViewCell.swift */ = {isa = PBXFileReference; lastKnownFileType = sourcecode.swift; path = ShopCollectionViewCell.swift; sourceTree = "<group>"; };
		7F6DA02322FAC5A5003D5386 /* UICollectionViewExtention.swift */ = {isa = PBXFileReference; lastKnownFileType = sourcecode.swift; path = UICollectionViewExtention.swift; sourceTree = "<group>"; };
		7F6DA02522FC0D09003D5386 /* FilterHandelView.swift */ = {isa = PBXFileReference; lastKnownFileType = sourcecode.swift; path = FilterHandelView.swift; sourceTree = "<group>"; };
		7F6DA02822FD0CB0003D5386 /* ShopSearchViewController.swift */ = {isa = PBXFileReference; lastKnownFileType = sourcecode.swift; path = ShopSearchViewController.swift; sourceTree = "<group>"; };
		7F6DA02A22FD0CC5003D5386 /* ProSearchViewController.swift */ = {isa = PBXFileReference; lastKnownFileType = sourcecode.swift; path = ProSearchViewController.swift; sourceTree = "<group>"; };
		7F6DA02D22FD103C003D5386 /* QGNavigationController.swift */ = {isa = PBXFileReference; fileEncoding = 4; lastKnownFileType = sourcecode.swift; path = QGNavigationController.swift; sourceTree = "<group>"; };
		7F6DA03022FD5116003D5386 /* CityChooseController.swift */ = {isa = PBXFileReference; lastKnownFileType = sourcecode.swift; path = CityChooseController.swift; sourceTree = "<group>"; };
		7F6DA033230150A0003D5386 /* ProDetailController.swift */ = {isa = PBXFileReference; lastKnownFileType = sourcecode.swift; path = ProDetailController.swift; sourceTree = "<group>"; };
		7F6DA035230159B8003D5386 /* ProDetailModel.swift */ = {isa = PBXFileReference; lastKnownFileType = sourcecode.swift; path = ProDetailModel.swift; sourceTree = "<group>"; };
		7F6DA0372302AC76003D5386 /* LocationManager.swift */ = {isa = PBXFileReference; lastKnownFileType = sourcecode.swift; path = LocationManager.swift; sourceTree = "<group>"; };
		7FEFEDF222EE8D7D006FFC2A /* ProListTableViewCell.swift */ = {isa = PBXFileReference; lastKnownFileType = sourcecode.swift; path = ProListTableViewCell.swift; sourceTree = "<group>"; };
		7FEFEDF422EE8DC6006FFC2A /* ProCollectionViewCell.swift */ = {isa = PBXFileReference; lastKnownFileType = sourcecode.swift; path = ProCollectionViewCell.swift; sourceTree = "<group>"; };
		7FEFEDF622EEBF03006FFC2A /* ThemeTitleView.swift */ = {isa = PBXFileReference; lastKnownFileType = sourcecode.swift; path = ThemeTitleView.swift; sourceTree = "<group>"; };
		7FEFEDF822EED2CF006FFC2A /* CyclePlayView.swift */ = {isa = PBXFileReference; lastKnownFileType = sourcecode.swift; path = CyclePlayView.swift; sourceTree = "<group>"; };
		7FEFEDFB22F01EA7006FFC2A /* NetWorkAPI.swift */ = {isa = PBXFileReference; fileEncoding = 4; lastKnownFileType = sourcecode.swift; path = NetWorkAPI.swift; sourceTree = "<group>"; };
		8C2288061EA3238A02DC149A /* libPods-HuiXiangShou.a */ = {isa = PBXFileReference; explicitFileType = archive.ar; includeInIndex = 0; path = "libPods-HuiXiangShou.a"; sourceTree = BUILT_PRODUCTS_DIR; };
		DCA812D2AE6DA97D961BB477 /* Pods-HuiXiangShou.debug.xcconfig */ = {isa = PBXFileReference; includeInIndex = 1; lastKnownFileType = text.xcconfig; name = "Pods-HuiXiangShou.debug.xcconfig"; path = "Target Support Files/Pods-HuiXiangShou/Pods-HuiXiangShou.debug.xcconfig"; sourceTree = "<group>"; };
/* End PBXFileReference section */

/* Begin PBXFrameworksBuildPhase section */
		7F16773422E693E500245E9D /* Frameworks */ = {
			isa = PBXFrameworksBuildPhase;
			buildActionMask = 2147483647;
			files = (
				AD4940F9C24DBD898D6B24C5 /* libPods-HuiXiangShou.a in Frameworks */,
			);
			runOnlyForDeploymentPostprocessing = 0;
		};
/* End PBXFrameworksBuildPhase section */

/* Begin PBXGroup section */
		7C0677FB22E8AC3A002C9D27 /* CommonUseDefine */ = {
			isa = PBXGroup;
			children = (
				7C0677FC22E8AC58002C9D27 /* CommonUseDefine.swift */,
				7C12BFC422ECA13500AFD0A3 /* ConstantDefine.swift */,
				7F6DA01B22FA60D7003D5386 /* CommonUseNetWork.swift */,
				7CD3C18C22EC9508007640AB /* UILabelExtension.swift */,
				7F6DA00022F294EA003D5386 /* UIviewExtension.swift */,
				7F6DA00222F29564003D5386 /* DateExtension.swift */,
				7C12BFE322F32FB100AFD0A3 /* StringExtention.swift */,
				7C12BFE122F1474400AFD0A3 /* ObservableExtention.swift */,
				7C12BFE522F48BD500AFD0A3 /* DataExtention.swift */,
				7F6DA01522F80326003D5386 /* DictionnaryExtention.swift */,
				7F6DA01922F818A3003D5386 /* MapableExtention.swift */,
				7C12BFD922ED95D600AFD0A3 /* LIButton.swift */,
				7FEFEDF822EED2CF006FFC2A /* CyclePlayView.swift */,
				7F6DA02522FC0D09003D5386 /* FilterHandelView.swift */,
				7F6DA02322FAC5A5003D5386 /* UICollectionViewExtention.swift */,
			);
			path = CommonUseDefine;
			sourceTree = "<group>";
		};
		7C12BFC622ECA21D00AFD0A3 /* HomePageControllers */ = {
			isa = PBXGroup;
			children = (
				7C12BFC722ECA29000AFD0A3 /* HomeViewController.swift */,
				7C12BFC922ECA29A00AFD0A3 /* ShopViewController.swift */,
				7C12BFCB22ECA2BF00AFD0A3 /* StoreViewController.swift */,
				7C12BFCD22ECA2D600AFD0A3 /* MineViewController.swift */,
				7FEFEDF422EE8DC6006FFC2A /* ProCollectionViewCell.swift */,
				7C12BFDB22EDB4C400AFD0A3 /* Model */,
				7C12BFDC22EDB4C400AFD0A3 /* View */,
			);
			path = HomePageControllers;
			sourceTree = "<group>";
		};
		7C12BFD322ED3AD100AFD0A3 /* Base */ = {
			isa = PBXGroup;
			children = (
				7C12BFD422ED3ADF00AFD0A3 /* BaseViewController.swift */,
				7F6DA00822F2C149003D5386 /* RequestBaseModel.swift */,
				7F6DA00A22F2C166003D5386 /* ResponseBaseModel.swift */,
			);
			path = Base;
			sourceTree = "<group>";
		};
		7C12BFD622ED41EC00AFD0A3 /* Login */ = {
			isa = PBXGroup;
			children = (
				7C12BFD722ED421B00AFD0A3 /* LoginViewController.swift */,
				7C12BFDF22F12E6400AFD0A3 /* UserModel.swift */,
			);
			path = Login;
			sourceTree = "<group>";
		};
		7C12BFDB22EDB4C400AFD0A3 /* Model */ = {
			isa = PBXGroup;
			children = (
				7F6DA01722F80F13003D5386 /* HxsModels.swift */,
			);
			path = Model;
			sourceTree = "<group>";
		};
		7C12BFDC22EDB4C400AFD0A3 /* View */ = {
			isa = PBXGroup;
			children = (
				7C12BFDD22EDBAA700AFD0A3 /* HotComboView.swift */,
				7FEFEDF222EE8D7D006FFC2A /* ProListTableViewCell.swift */,
				7FEFEDF622EEBF03006FFC2A /* ThemeTitleView.swift */,
				7F6DA01D22FAA012003D5386 /* SearchTapView.swift */,
				7F6DA01F22FAC042003D5386 /* ShopCollectionViewCell.swift */,
			);
			path = View;
			sourceTree = "<group>";
		};
		7F16772E22E693E500245E9D = {
			isa = PBXGroup;
			children = (
				7F16773922E693E500245E9D /* HuiXiangShou */,
				7F16773822E693E500245E9D /* Products */,
				A76B8C2AF7E30DDCC86F8843 /* Pods */,
				EDE50E991D2682FB00CAE0C8 /* Frameworks */,
			);
			sourceTree = "<group>";
		};
		7F16773822E693E500245E9D /* Products */ = {
			isa = PBXGroup;
			children = (
				7F16773722E693E500245E9D /* HuiXiangShou.app */,
			);
			name = Products;
			sourceTree = "<group>";
		};
		7F16773922E693E500245E9D /* HuiXiangShou */ = {
			isa = PBXGroup;
			children = (
				7F16773A22E693E500245E9D /* AppDelegate.swift */,
				7F16773E22E693E500245E9D /* Main.storyboard */,
				7F16773C22E693E500245E9D /* ViewController.swift */,
				7C12BFEB22F540E500AFD0A3 /* HuiXiangShou-Bridging-Header.h */,
				7F6DA03223015089003D5386 /* ProductDetail */,
				7F6DA02F22FD484C003D5386 /* Location */,
				7F6DA02722FD0C84003D5386 /* Search */,
				7F6DA01222F42F94003D5386 /* RequestManager */,
				7FEFEDFA22F01EA7006FFC2A /* NetWork */,
				7C12BFC622ECA21D00AFD0A3 /* HomePageControllers */,
				7C12BFD622ED41EC00AFD0A3 /* Login */,
				7C12BFD322ED3AD100AFD0A3 /* Base */,
				7F6DA02C22FD103C003D5386 /* NavgationController */,
				7F16776422EE7E4700245E9D /* TabbarController */,
				7C0677FB22E8AC3A002C9D27 /* CommonUseDefine */,
				7F16774122E693E700245E9D /* Assets.xcassets */,
				7F16774622E693E700245E9D /* Info.plist */,
			);
			path = HuiXiangShou;
			sourceTree = "<group>";
		};
		7F16776422EE7E4700245E9D /* TabbarController */ = {
			isa = PBXGroup;
			children = (
				7F16776522EE7E8300245E9D /* QGTabbarController.swift */,
			);
			path = TabbarController;
			sourceTree = "<group>";
		};
		7F6DA01222F42F94003D5386 /* RequestManager */ = {
			isa = PBXGroup;
			children = (
				7F6DA01322F42FBD003D5386 /* RequestManager.swift */,
				7C12BFEF22F561D200AFD0A3 /* RequestHitPlugin.swift */,
				7C12BFF322F57B5A00AFD0A3 /* RequestPrintResultPlugins.swift */,
				7C12BFF122F56E2100AFD0A3 /* RequestCodeHnadlePlugin.swift */,
			);
			path = RequestManager;
			sourceTree = "<group>";
		};
		7F6DA02722FD0C84003D5386 /* Search */ = {
			isa = PBXGroup;
			children = (
				7F6DA02822FD0CB0003D5386 /* ShopSearchViewController.swift */,
				7F6DA02A22FD0CC5003D5386 /* ProSearchViewController.swift */,
			);
			path = Search;
			sourceTree = "<group>";
		};
		7F6DA02C22FD103C003D5386 /* NavgationController */ = {
			isa = PBXGroup;
			children = (
				7F6DA02D22FD103C003D5386 /* QGNavigationController.swift */,
			);
			name = NavgationController;
			path = HuiXiangShou/NavgationController;
			sourceTree = SOURCE_ROOT;
		};
		7F6DA02F22FD484C003D5386 /* Location */ = {
			isa = PBXGroup;
			children = (
				7F6DA03022FD5116003D5386 /* CityChooseController.swift */,
				7F6DA0372302AC76003D5386 /* LocationManager.swift */,
			);
			path = Location;
			sourceTree = "<group>";
		};
		7F6DA03223015089003D5386 /* ProductDetail */ = {
			isa = PBXGroup;
			children = (
				7F6DA033230150A0003D5386 /* ProDetailController.swift */,
				7F6DA035230159B8003D5386 /* ProDetailModel.swift */,
			);
			path = ProductDetail;
			sourceTree = "<group>";
		};
		7FEFEDFA22F01EA7006FFC2A /* NetWork */ = {
			isa = PBXGroup;
			children = (
				7FEFEDFB22F01EA7006FFC2A /* NetWorkAPI.swift */,
			);
			path = NetWork;
			sourceTree = "<group>";
		};
		A76B8C2AF7E30DDCC86F8843 /* Pods */ = {
			isa = PBXGroup;
			children = (
				DCA812D2AE6DA97D961BB477 /* Pods-HuiXiangShou.debug.xcconfig */,
				073E330317639642D3CCAFC2 /* Pods-HuiXiangShou.release.xcconfig */,
			);
			path = Pods;
			sourceTree = "<group>";
		};
		EDE50E991D2682FB00CAE0C8 /* Frameworks */ = {
			isa = PBXGroup;
			children = (
				8C2288061EA3238A02DC149A /* libPods-HuiXiangShou.a */,
			);
			name = Frameworks;
			sourceTree = "<group>";
		};
/* End PBXGroup section */

/* Begin PBXNativeTarget section */
		7F16773622E693E500245E9D /* HuiXiangShou */ = {
			isa = PBXNativeTarget;
			buildConfigurationList = 7F16774922E693E700245E9D /* Build configuration list for PBXNativeTarget "HuiXiangShou" */;
			buildPhases = (
				EB534EE6D11BA1D34E9E0A68 /* [CP] Check Pods Manifest.lock */,
				7F16773322E693E500245E9D /* Sources */,
				7F16773422E693E500245E9D /* Frameworks */,
				7F16773522E693E500245E9D /* Resources */,
			);
			buildRules = (
			);
			dependencies = (
			);
			name = HuiXiangShou;
			productName = HuiXiangShou;
			productReference = 7F16773722E693E500245E9D /* HuiXiangShou.app */;
			productType = "com.apple.product-type.application";
		};
/* End PBXNativeTarget section */

/* Begin PBXProject section */
		7F16772F22E693E500245E9D /* Project object */ = {
			isa = PBXProject;
			attributes = {
				LastSwiftUpdateCheck = 1020;
				LastUpgradeCheck = 1020;
				ORGANIZATIONNAME = "工博科技";
				TargetAttributes = {
					7F16773622E693E500245E9D = {
						CreatedOnToolsVersion = 10.2.1;
						LastSwiftMigration = 1030;
					};
				};
			};
			buildConfigurationList = 7F16773222E693E500245E9D /* Build configuration list for PBXProject "HuiXiangShou" */;
			compatibilityVersion = "Xcode 9.3";
			developmentRegion = en;
			hasScannedForEncodings = 0;
			knownRegions = (
				en,
				Base,
			);
			mainGroup = 7F16772E22E693E500245E9D;
			productRefGroup = 7F16773822E693E500245E9D /* Products */;
			projectDirPath = "";
			projectRoot = "";
			targets = (
				7F16773622E693E500245E9D /* HuiXiangShou */,
			);
		};
/* End PBXProject section */

/* Begin PBXResourcesBuildPhase section */
		7F16773522E693E500245E9D /* Resources */ = {
			isa = PBXResourcesBuildPhase;
			buildActionMask = 2147483647;
			files = (
				7F16774222E693E700245E9D /* Assets.xcassets in Resources */,
				7F16774022E693E500245E9D /* Main.storyboard in Resources */,
			);
			runOnlyForDeploymentPostprocessing = 0;
		};
/* End PBXResourcesBuildPhase section */

/* Begin PBXShellScriptBuildPhase section */
		EB534EE6D11BA1D34E9E0A68 /* [CP] Check Pods Manifest.lock */ = {
			isa = PBXShellScriptBuildPhase;
			buildActionMask = 2147483647;
			files = (
			);
			inputFileListPaths = (
			);
			inputPaths = (
				"${PODS_PODFILE_DIR_PATH}/Podfile.lock",
				"${PODS_ROOT}/Manifest.lock",
			);
			name = "[CP] Check Pods Manifest.lock";
			outputFileListPaths = (
			);
			outputPaths = (
				"$(DERIVED_FILE_DIR)/Pods-HuiXiangShou-checkManifestLockResult.txt",
			);
			runOnlyForDeploymentPostprocessing = 0;
			shellPath = /bin/sh;
			shellScript = "diff \"${PODS_PODFILE_DIR_PATH}/Podfile.lock\" \"${PODS_ROOT}/Manifest.lock\" > /dev/null\nif [ $? != 0 ] ; then\n    # print error to STDERR\n    echo \"error: The sandbox is not in sync with the Podfile.lock. Run 'pod install' or update your CocoaPods installation.\" >&2\n    exit 1\nfi\n# This output is used by Xcode 'outputs' to avoid re-running this script phase.\necho \"SUCCESS\" > \"${SCRIPT_OUTPUT_FILE_0}\"\n";
			showEnvVarsInLog = 0;
		};
/* End PBXShellScriptBuildPhase section */

/* Begin PBXSourcesBuildPhase section */
		7F16773322E693E500245E9D /* Sources */ = {
			isa = PBXSourcesBuildPhase;
			buildActionMask = 2147483647;
			files = (
				7F6DA0382302AC76003D5386 /* LocationManager.swift in Sources */,
				7C12BFDE22EDBAA700AFD0A3 /* HotComboView.swift in Sources */,
				7F6DA00322F29564003D5386 /* DateExtension.swift in Sources */,
				7C12BFE022F12E6400AFD0A3 /* UserModel.swift in Sources */,
				7F6DA03122FD5116003D5386 /* CityChooseController.swift in Sources */,
				7C12BFCC22ECA2BF00AFD0A3 /* StoreViewController.swift in Sources */,
				7C12BFE622F48BD500AFD0A3 /* DataExtention.swift in Sources */,
				7F6DA01C22FA60D7003D5386 /* CommonUseNetWork.swift in Sources */,
				7C12BFCE22ECA2D600AFD0A3 /* MineViewController.swift in Sources */,
				7CD3C18D22EC9508007640AB /* UILabelExtension.swift in Sources */,
				7F6DA02422FAC5A5003D5386 /* UICollectionViewExtention.swift in Sources */,
				7C12BFF022F561D200AFD0A3 /* RequestHitPlugin.swift in Sources */,
				7FEFEDF322EE8D7D006FFC2A /* ProListTableViewCell.swift in Sources */,
				7C12BFD522ED3ADF00AFD0A3 /* BaseViewController.swift in Sources */,
				7C12BFF222F56E2100AFD0A3 /* RequestCodeHnadlePlugin.swift in Sources */,
				7C12BFE422F32FB100AFD0A3 /* StringExtention.swift in Sources */,
				7F6DA02922FD0CB0003D5386 /* ShopSearchViewController.swift in Sources */,
				7FEFEDFC22F01EA7006FFC2A /* NetWorkAPI.swift in Sources */,
				7C0677FD22E8AC58002C9D27 /* CommonUseDefine.swift in Sources */,
				7F6DA00122F294EA003D5386 /* UIviewExtension.swift in Sources */,
				7F6DA01422F42FBD003D5386 /* RequestManager.swift in Sources */,
				7F6DA02022FAC042003D5386 /* ShopCollectionViewCell.swift in Sources */,
				7F6DA036230159B8003D5386 /* ProDetailModel.swift in Sources */,
				7C12BFF422F57B5A00AFD0A3 /* RequestPrintResultPlugins.swift in Sources */,
				7F6DA02B22FD0CC5003D5386 /* ProSearchViewController.swift in Sources */,
				7F6DA02E22FD103C003D5386 /* QGNavigationController.swift in Sources */,
				7F16776622EE7E8300245E9D /* QGTabbarController.swift in Sources */,
				7F6DA02622FC0D09003D5386 /* FilterHandelView.swift in Sources */,
				7F6DA01622F80326003D5386 /* DictionnaryExtention.swift in Sources */,
				7FEFEDF522EE8DC6006FFC2A /* ProCollectionViewCell.swift in Sources */,
				7FEFEDF922EED2CF006FFC2A /* CyclePlayView.swift in Sources */,
				7C12BFCA22ECA29A00AFD0A3 /* ShopViewController.swift in Sources */,
				7F6DA01A22F818A3003D5386 /* MapableExtention.swift in Sources */,
				7F6DA034230150A0003D5386 /* ProDetailController.swift in Sources */,
				7F6DA00922F2C149003D5386 /* RequestBaseModel.swift in Sources */,
				7C12BFC822ECA29000AFD0A3 /* HomeViewController.swift in Sources */,
				7F6DA00B22F2C166003D5386 /* ResponseBaseModel.swift in Sources */,
				7F16773D22E693E500245E9D /* ViewController.swift in Sources */,
				7C12BFDA22ED95D600AFD0A3 /* LIButton.swift in Sources */,
				7F16773B22E693E500245E9D /* AppDelegate.swift in Sources */,
				7F6DA01E22FAA012003D5386 /* SearchTapView.swift in Sources */,
				7FEFEDF722EEBF03006FFC2A /* ThemeTitleView.swift in Sources */,
				7C12BFE222F1474400AFD0A3 /* ObservableExtention.swift in Sources */,
				7C12BFD822ED421B00AFD0A3 /* LoginViewController.swift in Sources */,
				7C12BFC522ECA13500AFD0A3 /* ConstantDefine.swift in Sources */,
				7F6DA01822F80F13003D5386 /* HxsModels.swift in Sources */,
			);
			runOnlyForDeploymentPostprocessing = 0;
		};
/* End PBXSourcesBuildPhase section */

/* Begin PBXVariantGroup section */
		7F16773E22E693E500245E9D /* Main.storyboard */ = {
			isa = PBXVariantGroup;
			children = (
				7F16773F22E693E500245E9D /* Base */,
			);
			name = Main.storyboard;
			sourceTree = "<group>";
		};
/* End PBXVariantGroup section */

/* Begin XCBuildConfiguration section */
		7F16774722E693E700245E9D /* Debug */ = {
			isa = XCBuildConfiguration;
			buildSettings = {
				ALWAYS_SEARCH_USER_PATHS = NO;
				CLANG_ANALYZER_NONNULL = YES;
				CLANG_ANALYZER_NUMBER_OBJECT_CONVERSION = YES_AGGRESSIVE;
				CLANG_CXX_LANGUAGE_STANDARD = "gnu++14";
				CLANG_CXX_LIBRARY = "libc++";
				CLANG_ENABLE_MODULES = YES;
				CLANG_ENABLE_OBJC_ARC = YES;
				CLANG_ENABLE_OBJC_WEAK = YES;
				CLANG_WARN_BLOCK_CAPTURE_AUTORELEASING = YES;
				CLANG_WARN_BOOL_CONVERSION = YES;
				CLANG_WARN_COMMA = YES;
				CLANG_WARN_CONSTANT_CONVERSION = YES;
				CLANG_WARN_DEPRECATED_OBJC_IMPLEMENTATIONS = YES;
				CLANG_WARN_DIRECT_OBJC_ISA_USAGE = YES_ERROR;
				CLANG_WARN_DOCUMENTATION_COMMENTS = YES;
				CLANG_WARN_EMPTY_BODY = YES;
				CLANG_WARN_ENUM_CONVERSION = YES;
				CLANG_WARN_INFINITE_RECURSION = YES;
				CLANG_WARN_INT_CONVERSION = YES;
				CLANG_WARN_NON_LITERAL_NULL_CONVERSION = YES;
				CLANG_WARN_OBJC_IMPLICIT_RETAIN_SELF = YES;
				CLANG_WARN_OBJC_LITERAL_CONVERSION = YES;
				CLANG_WARN_OBJC_ROOT_CLASS = YES_ERROR;
				CLANG_WARN_RANGE_LOOP_ANALYSIS = YES;
				CLANG_WARN_STRICT_PROTOTYPES = YES;
				CLANG_WARN_SUSPICIOUS_MOVE = YES;
				CLANG_WARN_UNGUARDED_AVAILABILITY = YES_AGGRESSIVE;
				CLANG_WARN_UNREACHABLE_CODE = YES;
				CLANG_WARN__DUPLICATE_METHOD_MATCH = YES;
				CODE_SIGN_IDENTITY = "iPhone Developer";
				COPY_PHASE_STRIP = NO;
				DEBUG_INFORMATION_FORMAT = dwarf;
				ENABLE_STRICT_OBJC_MSGSEND = YES;
				ENABLE_TESTABILITY = YES;
				GCC_C_LANGUAGE_STANDARD = gnu11;
				GCC_DYNAMIC_NO_PIC = NO;
				GCC_NO_COMMON_BLOCKS = YES;
				GCC_OPTIMIZATION_LEVEL = 0;
				GCC_PREPROCESSOR_DEFINITIONS = (
					"DEBUG=1",
					"$(inherited)",
				);
				GCC_WARN_64_TO_32_BIT_CONVERSION = YES;
				GCC_WARN_ABOUT_RETURN_TYPE = YES_ERROR;
				GCC_WARN_UNDECLARED_SELECTOR = YES;
				GCC_WARN_UNINITIALIZED_AUTOS = YES_AGGRESSIVE;
				GCC_WARN_UNUSED_FUNCTION = YES;
				GCC_WARN_UNUSED_VARIABLE = YES;
				IPHONEOS_DEPLOYMENT_TARGET = 12.2;
				MTL_ENABLE_DEBUG_INFO = INCLUDE_SOURCE;
				MTL_FAST_MATH = YES;
				ONLY_ACTIVE_ARCH = YES;
				SDKROOT = iphoneos;
				SWIFT_ACTIVE_COMPILATION_CONDITIONS = DEBUG;
				SWIFT_OPTIMIZATION_LEVEL = "-Onone";
			};
			name = Debug;
		};
		7F16774822E693E700245E9D /* Release */ = {
			isa = XCBuildConfiguration;
			buildSettings = {
				ALWAYS_SEARCH_USER_PATHS = NO;
				CLANG_ANALYZER_NONNULL = YES;
				CLANG_ANALYZER_NUMBER_OBJECT_CONVERSION = YES_AGGRESSIVE;
				CLANG_CXX_LANGUAGE_STANDARD = "gnu++14";
				CLANG_CXX_LIBRARY = "libc++";
				CLANG_ENABLE_MODULES = YES;
				CLANG_ENABLE_OBJC_ARC = YES;
				CLANG_ENABLE_OBJC_WEAK = YES;
				CLANG_WARN_BLOCK_CAPTURE_AUTORELEASING = YES;
				CLANG_WARN_BOOL_CONVERSION = YES;
				CLANG_WARN_COMMA = YES;
				CLANG_WARN_CONSTANT_CONVERSION = YES;
				CLANG_WARN_DEPRECATED_OBJC_IMPLEMENTATIONS = YES;
				CLANG_WARN_DIRECT_OBJC_ISA_USAGE = YES_ERROR;
				CLANG_WARN_DOCUMENTATION_COMMENTS = YES;
				CLANG_WARN_EMPTY_BODY = YES;
				CLANG_WARN_ENUM_CONVERSION = YES;
				CLANG_WARN_INFINITE_RECURSION = YES;
				CLANG_WARN_INT_CONVERSION = YES;
				CLANG_WARN_NON_LITERAL_NULL_CONVERSION = YES;
				CLANG_WARN_OBJC_IMPLICIT_RETAIN_SELF = YES;
				CLANG_WARN_OBJC_LITERAL_CONVERSION = YES;
				CLANG_WARN_OBJC_ROOT_CLASS = YES_ERROR;
				CLANG_WARN_RANGE_LOOP_ANALYSIS = YES;
				CLANG_WARN_STRICT_PROTOTYPES = YES;
				CLANG_WARN_SUSPICIOUS_MOVE = YES;
				CLANG_WARN_UNGUARDED_AVAILABILITY = YES_AGGRESSIVE;
				CLANG_WARN_UNREACHABLE_CODE = YES;
				CLANG_WARN__DUPLICATE_METHOD_MATCH = YES;
				CODE_SIGN_IDENTITY = "iPhone Developer";
				COPY_PHASE_STRIP = NO;
				DEBUG_INFORMATION_FORMAT = "dwarf-with-dsym";
				ENABLE_NS_ASSERTIONS = NO;
				ENABLE_STRICT_OBJC_MSGSEND = YES;
				GCC_C_LANGUAGE_STANDARD = gnu11;
				GCC_NO_COMMON_BLOCKS = YES;
				GCC_WARN_64_TO_32_BIT_CONVERSION = YES;
				GCC_WARN_ABOUT_RETURN_TYPE = YES_ERROR;
				GCC_WARN_UNDECLARED_SELECTOR = YES;
				GCC_WARN_UNINITIALIZED_AUTOS = YES_AGGRESSIVE;
				GCC_WARN_UNUSED_FUNCTION = YES;
				GCC_WARN_UNUSED_VARIABLE = YES;
				IPHONEOS_DEPLOYMENT_TARGET = 12.2;
				MTL_ENABLE_DEBUG_INFO = NO;
				MTL_FAST_MATH = YES;
				SDKROOT = iphoneos;
				SWIFT_COMPILATION_MODE = wholemodule;
				SWIFT_OPTIMIZATION_LEVEL = "-O";
				VALIDATE_PRODUCT = YES;
			};
			name = Release;
		};
		7F16774A22E693E700245E9D /* Debug */ = {
			isa = XCBuildConfiguration;
			baseConfigurationReference = DCA812D2AE6DA97D961BB477 /* Pods-HuiXiangShou.debug.xcconfig */;
			buildSettings = {
				ASSETCATALOG_COMPILER_APPICON_NAME = AppIcon;
				CLANG_ENABLE_MODULES = YES;
				CODE_SIGN_STYLE = Automatic;
				DEVELOPMENT_TEAM = 54M9U65G5H;
				INFOPLIST_FILE = HuiXiangShou/Info.plist;
				IPHONEOS_DEPLOYMENT_TARGET = 9.0;
				LD_RUNPATH_SEARCH_PATHS = (
					"$(inherited)",
					"@executable_path/Frameworks",
				);
				PRODUCT_BUNDLE_IDENTIFIER = com.HuiXiangShou;
				PRODUCT_NAME = "$(TARGET_NAME)";
				SWIFT_OBJC_BRIDGING_HEADER = "HuiXiangShou/HuiXiangShou-Bridging-Header.h";
				SWIFT_OPTIMIZATION_LEVEL = "-Onone";
				SWIFT_VERSION = 5.0;
				TARGETED_DEVICE_FAMILY = "1,2";
			};
			name = Debug;
		};
		7F16774B22E693E700245E9D /* Release */ = {
			isa = XCBuildConfiguration;
			baseConfigurationReference = 073E330317639642D3CCAFC2 /* Pods-HuiXiangShou.release.xcconfig */;
			buildSettings = {
				ASSETCATALOG_COMPILER_APPICON_NAME = AppIcon;
				CLANG_ENABLE_MODULES = YES;
				CODE_SIGN_STYLE = Automatic;
				DEVELOPMENT_TEAM = 54M9U65G5H;
				INFOPLIST_FILE = HuiXiangShou/Info.plist;
				IPHONEOS_DEPLOYMENT_TARGET = 9.0;
				LD_RUNPATH_SEARCH_PATHS = (
					"$(inherited)",
					"@executable_path/Frameworks",
				);
				PRODUCT_BUNDLE_IDENTIFIER = com.HuiXiangShou;
				PRODUCT_NAME = "$(TARGET_NAME)";
				SWIFT_OBJC_BRIDGING_HEADER = "HuiXiangShou/HuiXiangShou-Bridging-Header.h";
				SWIFT_VERSION = 5.0;
				TARGETED_DEVICE_FAMILY = "1,2";
			};
			name = Release;
		};
/* End XCBuildConfiguration section */

/* Begin XCConfigurationList section */
		7F16773222E693E500245E9D /* Build configuration list for PBXProject "HuiXiangShou" */ = {
			isa = XCConfigurationList;
			buildConfigurations = (
				7F16774722E693E700245E9D /* Debug */,
				7F16774822E693E700245E9D /* Release */,
			);
			defaultConfigurationIsVisible = 0;
			defaultConfigurationName = Release;
		};
		7F16774922E693E700245E9D /* Build configuration list for PBXNativeTarget "HuiXiangShou" */ = {
			isa = XCConfigurationList;
			buildConfigurations = (
				7F16774A22E693E700245E9D /* Debug */,
				7F16774B22E693E700245E9D /* Release */,
			);
			defaultConfigurationIsVisible = 0;
			defaultConfigurationName = Release;
		};
/* End XCConfigurationList section */
	};
	rootObject = 7F16772F22E693E500245E9D /* Project object */;
}
